// !$*UTF8*$!
{
	archiveVersion = 1;
	classes = {
	};
	objectVersion = 46;
	objects = {

/* Begin PBXBuildFile section */
		AE0FA98C1A5ACD9600572354 /* ArduinoTableViewController.m in Sources */ = {isa = PBXBuildFile; fileRef = AE0FA98B1A5ACD9600572354 /* ArduinoTableViewController.m */; };
		AE0FA98F1A5AF61F00572354 /* ArduinoService.m in Sources */ = {isa = PBXBuildFile; fileRef = AE0FA98E1A5AF61F00572354 /* ArduinoService.m */; };
		AE27FD9F1A5ACAC400A50653 /* Main.storyboard in Resources */ = {isa = PBXBuildFile; fileRef = AE27FD9E1A5ACAC400A50653 /* Main.storyboard */; };
		AEB2281F1A5ABFDC0090F569 /* main.m in Sources */ = {isa = PBXBuildFile; fileRef = AEB2281E1A5ABFDC0090F569 /* main.m */; };
		AEB228221A5ABFDC0090F569 /* AppDelegate.m in Sources */ = {isa = PBXBuildFile; fileRef = AEB228211A5ABFDC0090F569 /* AppDelegate.m */; };
		AEB2282A1A5ABFDC0090F569 /* Images.xcassets in Resources */ = {isa = PBXBuildFile; fileRef = AEB228291A5ABFDC0090F569 /* Images.xcassets */; };
		AEB2282D1A5ABFDC0090F569 /* LaunchScreen.xib in Resources */ = {isa = PBXBuildFile; fileRef = AEB2282B1A5ABFDC0090F569 /* LaunchScreen.xib */; };
		AEB228391A5ABFDD0090F569 /* UaiTomationClientTests.m in Sources */ = {isa = PBXBuildFile; fileRef = AEB228381A5ABFDD0090F569 /* UaiTomationClientTests.m */; };
		E556A227E748324BFC345056 /* libPods-UaiTomationClient.a in Frameworks */ = {isa = PBXBuildFile; fileRef = EB95C884C18132AE21BBB9F0 /* libPods-UaiTomationClient.a */; };
/* End PBXBuildFile section */

/* Begin PBXContainerItemProxy section */
		AEB228331A5ABFDD0090F569 /* PBXContainerItemProxy */ = {
			isa = PBXContainerItemProxy;
			containerPortal = AEB228111A5ABFDC0090F569 /* Project object */;
			proxyType = 1;
			remoteGlobalIDString = AEB228181A5ABFDC0090F569;
			remoteInfo = UaiTomationClient;
		};
/* End PBXContainerItemProxy section */

/* Begin PBXFileReference section */
		A2B78B0AD8CBB06E13B643FF /* Pods-UaiTomationClient.release.xcconfig */ = {isa = PBXFileReference; includeInIndex = 1; lastKnownFileType = text.xcconfig; name = "Pods-UaiTomationClient.release.xcconfig"; path = "Pods/Target Support Files/Pods-UaiTomationClient/Pods-UaiTomationClient.release.xcconfig"; sourceTree = "<group>"; };
		AE0FA98A1A5ACD9600572354 /* ArduinoTableViewController.h */ = {isa = PBXFileReference; fileEncoding = 4; lastKnownFileType = sourcecode.c.h; path = ArduinoTableViewController.h; sourceTree = "<group>"; };
		AE0FA98B1A5ACD9600572354 /* ArduinoTableViewController.m */ = {isa = PBXFileReference; fileEncoding = 4; lastKnownFileType = sourcecode.c.objc; path = ArduinoTableViewController.m; sourceTree = "<group>"; };
		AE0FA98D1A5AF61F00572354 /* ArduinoService.h */ = {isa = PBXFileReference; fileEncoding = 4; lastKnownFileType = sourcecode.c.h; path = ArduinoService.h; sourceTree = "<group>"; };
		AE0FA98E1A5AF61F00572354 /* ArduinoService.m */ = {isa = PBXFileReference; fileEncoding = 4; lastKnownFileType = sourcecode.c.objc; path = ArduinoService.m; sourceTree = "<group>"; };
		AE27FD9E1A5ACAC400A50653 /* Main.storyboard */ = {isa = PBXFileReference; fileEncoding = 4; lastKnownFileType = file.storyboard; path = Main.storyboard; sourceTree = "<group>"; };
		AEB228191A5ABFDC0090F569 /* UaiTomationClient.app */ = {isa = PBXFileReference; explicitFileType = wrapper.application; includeInIndex = 0; path = UaiTomationClient.app; sourceTree = BUILT_PRODUCTS_DIR; };
		AEB2281D1A5ABFDC0090F569 /* Info.plist */ = {isa = PBXFileReference; lastKnownFileType = text.plist.xml; path = Info.plist; sourceTree = "<group>"; };
		AEB2281E1A5ABFDC0090F569 /* main.m */ = {isa = PBXFileReference; lastKnownFileType = sourcecode.c.objc; path = main.m; sourceTree = "<group>"; };
		AEB228201A5ABFDC0090F569 /* AppDelegate.h */ = {isa = PBXFileReference; lastKnownFileType = sourcecode.c.h; path = AppDelegate.h; sourceTree = "<group>"; };
		AEB228211A5ABFDC0090F569 /* AppDelegate.m */ = {isa = PBXFileReference; lastKnownFileType = sourcecode.c.objc; path = AppDelegate.m; sourceTree = "<group>"; };
		AEB228291A5ABFDC0090F569 /* Images.xcassets */ = {isa = PBXFileReference; lastKnownFileType = folder.assetcatalog; path = Images.xcassets; sourceTree = "<group>"; };
		AEB2282C1A5ABFDC0090F569 /* Base */ = {isa = PBXFileReference; lastKnownFileType = file.xib; name = Base; path = Base.lproj/LaunchScreen.xib; sourceTree = "<group>"; };
		AEB228321A5ABFDD0090F569 /* UaiTomationClientTests.xctest */ = {isa = PBXFileReference; explicitFileType = wrapper.cfbundle; includeInIndex = 0; path = UaiTomationClientTests.xctest; sourceTree = BUILT_PRODUCTS_DIR; };
		AEB228371A5ABFDD0090F569 /* Info.plist */ = {isa = PBXFileReference; lastKnownFileType = text.plist.xml; path = Info.plist; sourceTree = "<group>"; };
		AEB228381A5ABFDD0090F569 /* UaiTomationClientTests.m */ = {isa = PBXFileReference; lastKnownFileType = sourcecode.c.objc; path = UaiTomationClientTests.m; sourceTree = "<group>"; };
		CAC1ABC40742910CF492134D /* Pods-UaiTomationClient.debug.xcconfig */ = {isa = PBXFileReference; includeInIndex = 1; lastKnownFileType = text.xcconfig; name = "Pods-UaiTomationClient.debug.xcconfig"; path = "Pods/Target Support Files/Pods-UaiTomationClient/Pods-UaiTomationClient.debug.xcconfig"; sourceTree = "<group>"; };
		EB95C884C18132AE21BBB9F0 /* libPods-UaiTomationClient.a */ = {isa = PBXFileReference; explicitFileType = archive.ar; includeInIndex = 0; path = "libPods-UaiTomationClient.a"; sourceTree = BUILT_PRODUCTS_DIR; };
/* End PBXFileReference section */

/* Begin PBXFrameworksBuildPhase section */
		AEB228161A5ABFDC0090F569 /* Frameworks */ = {
			isa = PBXFrameworksBuildPhase;
			buildActionMask = 2147483647;
			files = (
				E556A227E748324BFC345056 /* libPods-UaiTomationClient.a in Frameworks */,
			);
			runOnlyForDeploymentPostprocessing = 0;
		};
		AEB2282F1A5ABFDD0090F569 /* Frameworks */ = {
			isa = PBXFrameworksBuildPhase;
			buildActionMask = 2147483647;
			files = (
			);
			runOnlyForDeploymentPostprocessing = 0;
		};
/* End PBXFrameworksBuildPhase section */

/* Begin PBXGroup section */
		150852F41F64810E7C0FFB05 /* Pods */ = {
			isa = PBXGroup;
			children = (
				CAC1ABC40742910CF492134D /* Pods-UaiTomationClient.debug.xcconfig */,
				A2B78B0AD8CBB06E13B643FF /* Pods-UaiTomationClient.release.xcconfig */,
			);
			name = Pods;
			sourceTree = "<group>";
		};
		AEB228101A5ABFDC0090F569 = {
			isa = PBXGroup;
			children = (
				AEB2281B1A5ABFDC0090F569 /* UaiTomationClient */,
				AEB228351A5ABFDD0090F569 /* UaiTomationClientTests */,
				AEB2281A1A5ABFDC0090F569 /* Products */,
				150852F41F64810E7C0FFB05 /* Pods */,
				B8249087EF7A3047AAE2D81F /* Frameworks */,
			);
			sourceTree = "<group>";
		};
		AEB2281A1A5ABFDC0090F569 /* Products */ = {
			isa = PBXGroup;
			children = (
				AEB228191A5ABFDC0090F569 /* UaiTomationClient.app */,
				AEB228321A5ABFDD0090F569 /* UaiTomationClientTests.xctest */,
			);
			name = Products;
			sourceTree = "<group>";
		};
		AEB2281B1A5ABFDC0090F569 /* UaiTomationClient */ = {
			isa = PBXGroup;
			children = (
				AEB228201A5ABFDC0090F569 /* AppDelegate.h */,
				AEB228211A5ABFDC0090F569 /* AppDelegate.m */,
				AE0FA98A1A5ACD9600572354 /* ArduinoTableViewController.h */,
				AE0FA98B1A5ACD9600572354 /* ArduinoTableViewController.m */,
				AE27FD9E1A5ACAC400A50653 /* Main.storyboard */,
				AEB2282B1A5ABFDC0090F569 /* LaunchScreen.xib */,
				AEB228291A5ABFDC0090F569 /* Images.xcassets */,
				AEB2281C1A5ABFDC0090F569 /* Supporting Files */,
				AE0FA98D1A5AF61F00572354 /* ArduinoService.h */,
				AE0FA98E1A5AF61F00572354 /* ArduinoService.m */,
			);
			path = UaiTomationClient;
			sourceTree = "<group>";
		};
		AEB2281C1A5ABFDC0090F569 /* Supporting Files */ = {
			isa = PBXGroup;
			children = (
				AEB2281D1A5ABFDC0090F569 /* Info.plist */,
				AEB2281E1A5ABFDC0090F569 /* main.m */,
			);
			name = "Supporting Files";
			sourceTree = "<group>";
		};
		AEB228351A5ABFDD0090F569 /* UaiTomationClientTests */ = {
			isa = PBXGroup;
			children = (
				AEB228381A5ABFDD0090F569 /* UaiTomationClientTests.m */,
				AEB228361A5ABFDD0090F569 /* Supporting Files */,
			);
			path = UaiTomationClientTests;
			sourceTree = "<group>";
		};
		AEB228361A5ABFDD0090F569 /* Supporting Files */ = {
			isa = PBXGroup;
			children = (
				AEB228371A5ABFDD0090F569 /* Info.plist */,
			);
			name = "Supporting Files";
			sourceTree = "<group>";
		};
		B8249087EF7A3047AAE2D81F /* Frameworks */ = {
			isa = PBXGroup;
			children = (
				EB95C884C18132AE21BBB9F0 /* libPods-UaiTomationClient.a */,
			);
			name = Frameworks;
			sourceTree = "<group>";
		};
/* End PBXGroup section */

/* Begin PBXNativeTarget section */
		AEB228181A5ABFDC0090F569 /* UaiTomationClient */ = {
			isa = PBXNativeTarget;
			buildConfigurationList = AEB2283C1A5ABFDD0090F569 /* Build configuration list for PBXNativeTarget "UaiTomationClient" */;
			buildPhases = (
				2D0F760C462F1F7A0CB7ECF6 /* Check Pods Manifest.lock */,
				AEB228151A5ABFDC0090F569 /* Sources */,
				AEB228161A5ABFDC0090F569 /* Frameworks */,
				AEB228171A5ABFDC0090F569 /* Resources */,
				C471E4C0E3BEA785F8762560 /* Copy Pods Resources */,
			);
			buildRules = (
			);
			dependencies = (
			);
			name = UaiTomationClient;
			productName = UaiTomationClient;
			productReference = AEB228191A5ABFDC0090F569 /* UaiTomationClient.app */;
			productType = "com.apple.product-type.application";
		};
		AEB228311A5ABFDD0090F569 /* UaiTomationClientTests */ = {
			isa = PBXNativeTarget;
			buildConfigurationList = AEB2283F1A5ABFDD0090F569 /* Build configuration list for PBXNativeTarget "UaiTomationClientTests" */;
			buildPhases = (
				AEB2282E1A5ABFDD0090F569 /* Sources */,
				AEB2282F1A5ABFDD0090F569 /* Frameworks */,
				AEB228301A5ABFDD0090F569 /* Resources */,
			);
			buildRules = (
			);
			dependencies = (
				AEB228341A5ABFDD0090F569 /* PBXTargetDependency */,
			);
			name = UaiTomationClientTests;
			productName = UaiTomationClientTests;
			productReference = AEB228321A5ABFDD0090F569 /* UaiTomationClientTests.xctest */;
			productType = "com.apple.product-type.bundle.unit-test";
		};
/* End PBXNativeTarget section */

/* Begin PBXProject section */
		AEB228111A5ABFDC0090F569 /* Project object */ = {
			isa = PBXProject;
			attributes = {
				LastUpgradeCheck = 0610;
				ORGANIZATIONNAME = "Bruno Pinheiro";
				TargetAttributes = {
					AEB228181A5ABFDC0090F569 = {
						CreatedOnToolsVersion = 6.1.1;
						DevelopmentTeam = 5HMJW6N276;
					};
					AEB228311A5ABFDD0090F569 = {
						CreatedOnToolsVersion = 6.1.1;
						TestTargetID = AEB228181A5ABFDC0090F569;
					};
				};
			};
			buildConfigurationList = AEB228141A5ABFDC0090F569 /* Build configuration list for PBXProject "UaiTomationClient" */;
			compatibilityVersion = "Xcode 3.2";
			developmentRegion = English;
			hasScannedForEncodings = 0;
			knownRegions = (
				en,
				Base,
			);
			mainGroup = AEB228101A5ABFDC0090F569;
			productRefGroup = AEB2281A1A5ABFDC0090F569 /* Products */;
			projectDirPath = "";
			projectRoot = "";
			targets = (
				AEB228181A5ABFDC0090F569 /* UaiTomationClient */,
				AEB228311A5ABFDD0090F569 /* UaiTomationClientTests */,
			);
		};
/* End PBXProject section */

/* Begin PBXResourcesBuildPhase section */
		AEB228171A5ABFDC0090F569 /* Resources */ = {
			isa = PBXResourcesBuildPhase;
			buildActionMask = 2147483647;
			files = (
				AE27FD9F1A5ACAC400A50653 /* Main.storyboard in Resources */,
				AEB2282D1A5ABFDC0090F569 /* LaunchScreen.xib in Resources */,
				AEB2282A1A5ABFDC0090F569 /* Images.xcassets in Resources */,
			);
			runOnlyForDeploymentPostprocessing = 0;
		};
		AEB228301A5ABFDD0090F569 /* Resources */ = {
			isa = PBXResourcesBuildPhase;
			buildActionMask = 2147483647;
			files = (
			);
			runOnlyForDeploymentPostprocessing = 0;
		};
/* End PBXResourcesBuildPhase section */

/* Begin PBXShellScriptBuildPhase section */
		2D0F760C462F1F7A0CB7ECF6 /* Check Pods Manifest.lock */ = {
			isa = PBXShellScriptBuildPhase;
			buildActionMask = 2147483647;
			files = (
			);
			inputPaths = (
			);
			name = "Check Pods Manifest.lock";
			outputPaths = (
			);
			runOnlyForDeploymentPostprocessing = 0;
			shellPath = /bin/sh;
			shellScript = "diff \"${PODS_ROOT}/../Podfile.lock\" \"${PODS_ROOT}/Manifest.lock\" > /dev/null\nif [[ $? != 0 ]] ; then\n    cat << EOM\nerror: The sandbox is not in sync with the Podfile.lock. Run 'pod install' or update your CocoaPods installation.\nEOM\n    exit 1\nfi\n";
			showEnvVarsInLog = 0;
		};
		C471E4C0E3BEA785F8762560 /* Copy Pods Resources */ = {
			isa = PBXShellScriptBuildPhase;
			buildActionMask = 2147483647;
			files = (
			);
			inputPaths = (
			);
			name = "Copy Pods Resources";
			outputPaths = (
			);
			runOnlyForDeploymentPostprocessing = 0;
			shellPath = /bin/sh;
			shellScript = "\"${SRCROOT}/Pods/Target Support Files/Pods-UaiTomationClient/Pods-UaiTomationClient-resources.sh\"\n";
			showEnvVarsInLog = 0;
		};
/* End PBXShellScriptBuildPhase section */

/* Begin PBXSourcesBuildPhase section */
		AEB228151A5ABFDC0090F569 /* Sources */ = {
			isa = PBXSourcesBuildPhase;
			buildActionMask = 2147483647;
			files = (
				AEB228221A5ABFDC0090F569 /* AppDelegate.m in Sources */,
				AE0FA98F1A5AF61F00572354 /* ArduinoService.m in Sources */,
				AE0FA98C1A5ACD9600572354 /* ArduinoTableViewController.m in Sources */,
				AEB2281F1A5ABFDC0090F569 /* main.m in Sources */,
			);
			runOnlyForDeploymentPostprocessing = 0;
		};
		AEB2282E1A5ABFDD0090F569 /* Sources */ = {
			isa = PBXSourcesBuildPhase;
			buildActionMask = 2147483647;
			files = (
				AEB228391A5ABFDD0090F569 /* UaiTomationClientTests.m in Sources */,
			);
			runOnlyForDeploymentPostprocessing = 0;
		};
/* End PBXSourcesBuildPhase section */

/* Begin PBXTargetDependency section */
		AEB228341A5ABFDD0090F569 /* PBXTargetDependency */ = {
			isa = PBXTargetDependency;
			target = AEB228181A5ABFDC0090F569 /* UaiTomationClient */;
			targetProxy = AEB228331A5ABFDD0090F569 /* PBXContainerItemProxy */;
		};
/* End PBXTargetDependency section */

/* Begin PBXVariantGroup section */
		AEB2282B1A5ABFDC0090F569 /* LaunchScreen.xib */ = {
			isa = PBXVariantGroup;
			children = (
				AEB2282C1A5ABFDC0090F569 /* Base */,
			);
			name = LaunchScreen.xib;
			sourceTree = "<group>";
		};
/* End PBXVariantGroup section */

/* Begin XCBuildConfiguration section */
		AEB2283A1A5ABFDD0090F569 /* Debug */ = {
			isa = XCBuildConfiguration;
			buildSettings = {
				ALWAYS_SEARCH_USER_PATHS = NO;
				CLANG_CXX_LANGUAGE_STANDARD = "gnu++0x";
				CLANG_CXX_LIBRARY = "libc++";
				CLANG_ENABLE_MODULES = YES;
				CLANG_ENABLE_OBJC_ARC = YES;
				CLANG_WARN_BOOL_CONVERSION = YES;
				CLANG_WARN_CONSTANT_CONVERSION = YES;
				CLANG_WARN_DIRECT_OBJC_ISA_USAGE = YES_ERROR;
				CLANG_WARN_EMPTY_BODY = YES;
				CLANG_WARN_ENUM_CONVERSION = YES;
				CLANG_WARN_INT_CONVERSION = YES;
				CLANG_WARN_OBJC_ROOT_CLASS = YES_ERROR;
				CLANG_WARN_UNREACHABLE_CODE = YES;
				CLANG_WARN__DUPLICATE_METHOD_MATCH = YES;
				CODE_SIGN_IDENTITY = "iPhone Developer";
				"CODE_SIGN_IDENTITY[sdk=iphoneos*]" = "iPhone Developer";
				COPY_PHASE_STRIP = NO;
				ENABLE_STRICT_OBJC_MSGSEND = YES;
				GCC_C_LANGUAGE_STANDARD = gnu99;
				GCC_DYNAMIC_NO_PIC = NO;
				GCC_OPTIMIZATION_LEVEL = 0;
				GCC_PREPROCESSOR_DEFINITIONS = (
					"DEBUG=1",
					"$(inherited)",
				);
				GCC_SYMBOLS_PRIVATE_EXTERN = NO;
				GCC_WARN_64_TO_32_BIT_CONVERSION = YES;
				GCC_WARN_ABOUT_RETURN_TYPE = YES_ERROR;
				GCC_WARN_UNDECLARED_SELECTOR = YES;
				GCC_WARN_UNINITIALIZED_AUTOS = YES_AGGRESSIVE;
				GCC_WARN_UNUSED_FUNCTION = YES;
				GCC_WARN_UNUSED_VARIABLE = YES;
				IPHONEOS_DEPLOYMENT_TARGET = 8.0;
				MTL_ENABLE_DEBUG_INFO = YES;
				ONLY_ACTIVE_ARCH = YES;
				SDKROOT = iphoneos;
				TARGETED_DEVICE_FAMILY = "1,2";
			};
			name = Debug;
		};
		AEB2283B1A5ABFDD0090F569 /* Release */ = {
			isa = XCBuildConfiguration;
			buildSettings = {
				ALWAYS_SEARCH_USER_PATHS = NO;
				CLANG_CXX_LANGUAGE_STANDARD = "gnu++0x";
				CLANG_CXX_LIBRARY = "libc++";
				CLANG_ENABLE_MODULES = YES;
				CLANG_ENABLE_OBJC_ARC = YES;
				CLANG_WARN_BOOL_CONVERSION = YES;
				CLANG_WARN_CONSTANT_CONVERSION = YES;
				CLANG_WARN_DIRECT_OBJC_ISA_USAGE = YES_ERROR;
				CLANG_WARN_EMPTY_BODY = YES;
				CLANG_WARN_ENUM_CONVERSION = YES;
				CLANG_WARN_INT_CONVERSION = YES;
				CLANG_WARN_OBJC_ROOT_CLASS = YES_ERROR;
				CLANG_WARN_UNREACHABLE_CODE = YES;
				CLANG_WARN__DUPLICATE_METHOD_MATCH = YES;
				CODE_SIGN_IDENTITY = "iPhone Distribution";
				"CODE_SIGN_IDENTITY[sdk=iphoneos*]" = "iPhone Distribution";
				COPY_PHASE_STRIP = YES;
				ENABLE_NS_ASSERTIONS = NO;
				ENABLE_STRICT_OBJC_MSGSEND = YES;
				GCC_C_LANGUAGE_STANDARD = gnu99;
				GCC_WARN_64_TO_32_BIT_CONVERSION = YES;
				GCC_WARN_ABOUT_RETURN_TYPE = YES_ERROR;
				GCC_WARN_UNDECLARED_SELECTOR = YES;
				GCC_WARN_UNINITIALIZED_AUTOS = YES_AGGRESSIVE;
				GCC_WARN_UNUSED_FUNCTION = YES;
				GCC_WARN_UNUSED_VARIABLE = YES;
				IPHONEOS_DEPLOYMENT_TARGET = 8.0;
				MTL_ENABLE_DEBUG_INFO = NO;
				SDKROOT = iphoneos;
				TARGETED_DEVICE_FAMILY = "1,2";
				VALIDATE_PRODUCT = YES;
			};
			name = Release;
		};
		AEB2283D1A5ABFDD0090F569 /* Debug */ = {
			isa = XCBuildConfiguration;
			baseConfigurationReference = CAC1ABC40742910CF492134D /* Pods-UaiTomationClient.debug.xcconfig */;
			buildSettings = {
				ASSETCATALOG_COMPILER_APPICON_NAME = AppIcon;
				CODE_SIGN_IDENTITY = "iPhone Developer";
				"CODE_SIGN_IDENTITY[sdk=iphoneos*]" = "iPhone Developer";
				INFOPLIST_FILE = UaiTomationClient/Info.plist;
				IPHONEOS_DEPLOYMENT_TARGET = 8.0;
				LD_RUNPATH_SEARCH_PATHS = "$(inherited) @executable_path/Frameworks";
				PRODUCT_NAME = "$(TARGET_NAME)";
				PROVISIONING_PROFILE = "";
			};
			name = Debug;
		};
		AEB2283E1A5ABFDD0090F569 /* Release */ = {
			isa = XCBuildConfiguration;
			baseConfigurationReference = A2B78B0AD8CBB06E13B643FF /* Pods-UaiTomationClient.release.xcconfig */;
			buildSettings = {
				ASSETCATALOG_COMPILER_APPICON_NAME = AppIcon;
				CODE_SIGN_IDENTITY = "iPhone Developer";
				"CODE_SIGN_IDENTITY[sdk=iphoneos*]" = "iPhone Developer";
				INFOPLIST_FILE = UaiTomationClient/Info.plist;
				IPHONEOS_DEPLOYMENT_TARGET = 8.0;
				LD_RUNPATH_SEARCH_PATHS = "$(inherited) @executable_path/Frameworks";
				PRODUCT_NAME = "$(TARGET_NAME)";
				PROVISIONING_PROFILE = "";
			};
			name = Release;
		};
		AEB228401A5ABFDD0090F569 /* Debug */ = {
			isa = XCBuildConfiguration;
			buildSettings = {
				BUNDLE_LOADER = "$(TEST_HOST)";
				FRAMEWORK_SEARCH_PATHS = (
					"$(SDKROOT)/Developer/Library/Frameworks",
					"$(inherited)",
				);
				GCC_PREPROCESSOR_DEFINITIONS = (
					"DEBUG=1",
					"$(inherited)",
				);
				INFOPLIST_FILE = UaiTomationClientTests/Info.plist;
				LD_RUNPATH_SEARCH_PATHS = "$(inherited) @executable_path/Frameworks @loader_path/Frameworks";
				PRODUCT_NAME = "$(TARGET_NAME)";
				TEST_HOST = "$(BUILT_PRODUCTS_DIR)/UaiTomationClient.app/UaiTomationClient";
			};
			name = Debug;
		};
		AEB228411A5ABFDD0090F569 /* Release */ = {
			isa = XCBuildConfiguration;
			buildSettings = {
				BUNDLE_LOADER = "$(TEST_HOST)";
				FRAMEWORK_SEARCH_PATHS = (
					"$(SDKROOT)/Developer/Library/Frameworks",
					"$(inherited)",
				);
				INFOPLIST_FILE = UaiTomationClientTests/Info.plist;
				LD_RUNPATH_SEARCH_PATHS = "$(inherited) @executable_path/Frameworks @loader_path/Frameworks";
				PRODUCT_NAME = "$(TARGET_NAME)";
				TEST_HOST = "$(BUILT_PRODUCTS_DIR)/UaiTomationClient.app/UaiTomationClient";
			};
			name = Release;
		};
/* End XCBuildConfiguration section */

/* Begin XCConfigurationList section */
		AEB228141A5ABFDC0090F569 /* Build configuration list for PBXProject "UaiTomationClient" */ = {
			isa = XCConfigurationList;
			buildConfigurations = (
				AEB2283A1A5ABFDD0090F569 /* Debug */,
				AEB2283B1A5ABFDD0090F569 /* Release */,
			);
			defaultConfigurationIsVisible = 0;
			defaultConfigurationName = Release;
		};
		AEB2283C1A5ABFDD0090F569 /* Build configuration list for PBXNativeTarget "UaiTomationClient" */ = {
			isa = XCConfigurationList;
			buildConfigurations = (
				AEB2283D1A5ABFDD0090F569 /* Debug */,
				AEB2283E1A5ABFDD0090F569 /* Release */,
			);
			defaultConfigurationIsVisible = 0;
			defaultConfigurationName = Release;
		};
		AEB2283F1A5ABFDD0090F569 /* Build configuration list for PBXNativeTarget "UaiTomationClientTests" */ = {
			isa = XCConfigurationList;
			buildConfigurations = (
				AEB228401A5ABFDD0090F569 /* Debug */,
				AEB228411A5ABFDD0090F569 /* Release */,
			);
			defaultConfigurationIsVisible = 0;
			defaultConfigurationName = Release;
		};
/* End XCConfigurationList section */
	};
	rootObject = AEB228111A5ABFDC0090F569 /* Project object */;
}
